
Microsoft Visual Studio Solution File, Format Version 12.00
# Visual Studio Version 17
VisualStudioVersion = 17.7.34221.43
MinimumVisualStudioVersion = 10.0.40219.1
Project("{FAE04EC0-301F-11D3-BF4B-00C04F79EFBC}") = "MZ_MJ_Proyecto1", "MZ_MJ_Proyecto1.csproj", "{7008103E-404C-42B9-8CD2-D7C7CFF67F31}"
EndProject
Global
	GlobalSection(SolutionConfigurationPlatforms) = preSolution
		Debug|Any CPU = Debug|Any CPU
		Release|Any CPU = Release|Any CPU
	EndGlobalSection
	GlobalSection(ProjectConfigurationPlatforms) = postSolution
		{7008103E-404C-42B9-8CD2-D7C7CFF67F31}.Debug|Any CPU.ActiveCfg = Debug|Any CPU
		{7008103E-404C-42B9-8CD2-D7C7CFF67F31}.Debug|Any CPU.Build.0 = Debug|Any CPU
		{7008103E-404C-42B9-8CD2-D7C7CFF67F31}.Release|Any CPU.ActiveCfg = Release|Any CPU
		{7008103E-404C-42B9-8CD2-D7C7CFF67F31}.Release|Any CPU.Build.0 = Release|Any CPU
	EndGlobalSection
	GlobalSection(SolutionProperties) = preSolution
		HideSolutionNode = FALSE
	EndGlobalSection
	GlobalSection(ExtensibilityGlobals) = postSolution
		SolutionGuid = {D353D387-6A17-4D96-8DA4-25EFE5D261FF}
	EndGlobalSection
EndGlobal
